// !$*UTF8*$!
{
	archiveVersion = 1;
	classes = {
	};
	objectVersion = 56;
	objects = {

/* Begin PBXBuildFile section */
		4F6C897F2BC7009A0083BEF2 /* viewA.swift in Sources */ = {isa = PBXBuildFile; fileRef = 4F6C897E2BC7009A0083BEF2 /* viewA.swift */; };
		4F6C89812BC700B40083BEF2 /* viewB.swift in Sources */ = {isa = PBXBuildFile; fileRef = 4F6C89802BC700B40083BEF2 /* viewB.swift */; };
		4F6C89832BC700CA0083BEF2 /* viewC.swift in Sources */ = {isa = PBXBuildFile; fileRef = 4F6C89822BC700CA0083BEF2 /* viewC.swift */; };
		4F6C89852BC700D50083BEF2 /* viewD.swift in Sources */ = {isa = PBXBuildFile; fileRef = 4F6C89842BC700D50083BEF2 /* viewD.swift */; };
		4F6C89882BD5DD3A0083BEF2 /* load-alarm-sound.mp3 in Resources */ = {isa = PBXBuildFile; fileRef = 4F6C89872BD5DD3A0083BEF2 /* load-alarm-sound.mp3 */; };
		4F6C899B2BD5F5DF0083BEF2 /* BotResponce.swift in Sources */ = {isa = PBXBuildFile; fileRef = 4F6C899A2BD5F5DF0083BEF2 /* BotResponce.swift */; };
		4F8528B82B86697C00CACA6C /* Women_s_safty_appApp.swift in Sources */ = {isa = PBXBuildFile; fileRef = 4F8528B72B86697C00CACA6C /* Women_s_safty_appApp.swift */; };
		4F8528BA2B86697C00CACA6C /* ContentView.swift in Sources */ = {isa = PBXBuildFile; fileRef = 4F8528B92B86697C00CACA6C /* ContentView.swift */; };
		4F8528BC2B86697F00CACA6C /* Assets.xcassets in Resources */ = {isa = PBXBuildFile; fileRef = 4F8528BB2B86697F00CACA6C /* Assets.xcassets */; };
		4F8528C02B86697F00CACA6C /* Preview Assets.xcassets in Resources */ = {isa = PBXBuildFile; fileRef = 4F8528BF2B86697F00CACA6C /* Preview Assets.xcassets */; };
		4F8528CA2B86697F00CACA6C /* Women_s_safty_appTests.swift in Sources */ = {isa = PBXBuildFile; fileRef = 4F8528C92B86697F00CACA6C /* Women_s_safty_appTests.swift */; };
		4F8528D42B86697F00CACA6C /* Women_s_safty_appUITests.swift in Sources */ = {isa = PBXBuildFile; fileRef = 4F8528D32B86697F00CACA6C /* Women_s_safty_appUITests.swift */; };
		4F8528D62B86697F00CACA6C /* Women_s_safty_appUITestsLaunchTests.swift in Sources */ = {isa = PBXBuildFile; fileRef = 4F8528D52B86697F00CACA6C /* Women_s_safty_appUITestsLaunchTests.swift */; };
/* End PBXBuildFile section */

/* Begin PBXContainerItemProxy section */
		4F8528C62B86697F00CACA6C /* PBXContainerItemProxy */ = {
			isa = PBXContainerItemProxy;
			containerPortal = 4F8528AC2B86697C00CACA6C /* Project object */;
			proxyType = 1;
			remoteGlobalIDString = 4F8528B32B86697C00CACA6C;
			remoteInfo = "Women's safty app";
		};
		4F8528D02B86697F00CACA6C /* PBXContainerItemProxy */ = {
			isa = PBXContainerItemProxy;
			containerPortal = 4F8528AC2B86697C00CACA6C /* Project object */;
			proxyType = 1;
			remoteGlobalIDString = 4F8528B32B86697C00CACA6C;
			remoteInfo = "Women's safty app";
		};
/* End PBXContainerItemProxy section */

/* Begin PBXFileReference section */
		4F6C897E2BC7009A0083BEF2 /* viewA.swift */ = {isa = PBXFileReference; lastKnownFileType = sourcecode.swift; path = viewA.swift; sourceTree = "<group>"; };
		4F6C89802BC700B40083BEF2 /* viewB.swift */ = {isa = PBXFileReference; lastKnownFileType = sourcecode.swift; path = viewB.swift; sourceTree = "<group>"; };
		4F6C89822BC700CA0083BEF2 /* viewC.swift */ = {isa = PBXFileReference; lastKnownFileType = sourcecode.swift; path = viewC.swift; sourceTree = "<group>"; };
		4F6C89842BC700D50083BEF2 /* viewD.swift */ = {isa = PBXFileReference; lastKnownFileType = sourcecode.swift; path = viewD.swift; sourceTree = "<group>"; };
		4F6C89872BD5DD3A0083BEF2 /* load-alarm-sound.mp3 */ = {isa = PBXFileReference; lastKnownFileType = audio.mp3; path = "load-alarm-sound.mp3"; sourceTree = "<group>"; };
		4F6C899A2BD5F5DF0083BEF2 /* BotResponce.swift */ = {isa = PBXFileReference; lastKnownFileType = sourcecode.swift; path = BotResponce.swift; sourceTree = "<group>"; };
		4F8528B42B86697C00CACA6C /* Women's safty app.app */ = {isa = PBXFileReference; explicitFileType = wrapper.application; includeInIndex = 0; path = "Women's safty app.app"; sourceTree = BUILT_PRODUCTS_DIR; };
		4F8528B72B86697C00CACA6C /* Women_s_safty_appApp.swift */ = {isa = PBXFileReference; lastKnownFileType = sourcecode.swift; path = Women_s_safty_appApp.swift; sourceTree = "<group>"; };
		4F8528B92B86697C00CACA6C /* ContentView.swift */ = {isa = PBXFileReference; lastKnownFileType = sourcecode.swift; path = ContentView.swift; sourceTree = "<group>"; };
		4F8528BB2B86697F00CACA6C /* Assets.xcassets */ = {isa = PBXFileReference; lastKnownFileType = folder.assetcatalog; path = Assets.xcassets; sourceTree = "<group>"; };
		4F8528BD2B86697F00CACA6C /* Women_s_safty_app.entitlements */ = {isa = PBXFileReference; lastKnownFileType = text.plist.entitlements; path = Women_s_safty_app.entitlements; sourceTree = "<group>"; };
		4F8528BF2B86697F00CACA6C /* Preview Assets.xcassets */ = {isa = PBXFileReference; lastKnownFileType = folder.assetcatalog; path = "Preview Assets.xcassets"; sourceTree = "<group>"; };
		4F8528C52B86697F00CACA6C /* Women's safty appTests.xctest */ = {isa = PBXFileReference; explicitFileType = wrapper.cfbundle; includeInIndex = 0; path = "Women's safty appTests.xctest"; sourceTree = BUILT_PRODUCTS_DIR; };
		4F8528C92B86697F00CACA6C /* Women_s_safty_appTests.swift */ = {isa = PBXFileReference; lastKnownFileType = sourcecode.swift; path = Women_s_safty_appTests.swift; sourceTree = "<group>"; };
		4F8528CF2B86697F00CACA6C /* Women's safty appUITests.xctest */ = {isa = PBXFileReference; explicitFileType = wrapper.cfbundle; includeInIndex = 0; path = "Women's safty appUITests.xctest"; sourceTree = BUILT_PRODUCTS_DIR; };
		4F8528D32B86697F00CACA6C /* Women_s_safty_appUITests.swift */ = {isa = PBXFileReference; lastKnownFileType = sourcecode.swift; path = Women_s_safty_appUITests.swift; sourceTree = "<group>"; };
		4F8528D52B86697F00CACA6C /* Women_s_safty_appUITestsLaunchTests.swift */ = {isa = PBXFileReference; lastKnownFileType = sourcecode.swift; path = Women_s_safty_appUITestsLaunchTests.swift; sourceTree = "<group>"; };
/* End PBXFileReference section */

/* Begin PBXFrameworksBuildPhase section */
		4F8528B12B86697C00CACA6C /* Frameworks */ = {
			isa = PBXFrameworksBuildPhase;
			buildActionMask = 2147483647;
			files = (
			);
			runOnlyForDeploymentPostprocessing = 0;
		};
		4F8528C22B86697F00CACA6C /* Frameworks */ = {
			isa = PBXFrameworksBuildPhase;
			buildActionMask = 2147483647;
			files = (
			);
			runOnlyForDeploymentPostprocessing = 0;
		};
		4F8528CC2B86697F00CACA6C /* Frameworks */ = {
			isa = PBXFrameworksBuildPhase;
			buildActionMask = 2147483647;
			files = (
			);
			runOnlyForDeploymentPostprocessing = 0;
		};
/* End PBXFrameworksBuildPhase section */

/* Begin PBXGroup section */
		4F6C89752BC6FFEE0083BEF2 /* views */ = {
			isa = PBXGroup;
			children = (
				4F6C897E2BC7009A0083BEF2 /* viewA.swift */,
				4F6C89802BC700B40083BEF2 /* viewB.swift */,
				4F6C899A2BD5F5DF0083BEF2 /* BotResponce.swift */,
				4F6C89822BC700CA0083BEF2 /* viewC.swift */,
				4F6C89842BC700D50083BEF2 /* viewD.swift */,
			);
			path = views;
			sourceTree = "<group>";
		};
		4F6C89862BD5DCF30083BEF2 /* sound */ = {
			isa = PBXGroup;
			children = (
				4F6C89872BD5DD3A0083BEF2 /* load-alarm-sound.mp3 */,
			);
			path = sound;
			sourceTree = "<group>";
		};
		4F8528AB2B86697C00CACA6C = {
			isa = PBXGroup;
			children = (
				4F8528B62B86697C00CACA6C /* Women's safty app */,
				4F8528C82B86697F00CACA6C /* Women's safty appTests */,
				4F8528D22B86697F00CACA6C /* Women's safty appUITests */,
				4F8528B52B86697C00CACA6C /* Products */,
			);
			sourceTree = "<group>";
		};
		4F8528B52B86697C00CACA6C /* Products */ = {
			isa = PBXGroup;
			children = (
				4F8528B42B86697C00CACA6C /* Women's safty app.app */,
				4F8528C52B86697F00CACA6C /* Women's safty appTests.xctest */,
				4F8528CF2B86697F00CACA6C /* Women's safty appUITests.xctest */,
			);
			name = Products;
			sourceTree = "<group>";
		};
		4F8528B62B86697C00CACA6C /* Women's safty app */ = {
			isa = PBXGroup;
			children = (
				4F6C89862BD5DCF30083BEF2 /* sound */,
				4F6C89752BC6FFEE0083BEF2 /* views */,
				4F8528B72B86697C00CACA6C /* Women_s_safty_appApp.swift */,
				4F8528B92B86697C00CACA6C /* ContentView.swift */,
				4F8528BB2B86697F00CACA6C /* Assets.xcassets */,
				4F8528BD2B86697F00CACA6C /* Women_s_safty_app.entitlements */,
				4F8528BE2B86697F00CACA6C /* Preview Content */,
			);
			path = "Women's safty app";
			sourceTree = "<group>";
		};
		4F8528BE2B86697F00CACA6C /* Preview Content */ = {
			isa = PBXGroup;
			children = (
				4F8528BF2B86697F00CACA6C /* Preview Assets.xcassets */,
			);
			path = "Preview Content";
			sourceTree = "<group>";
		};
		4F8528C82B86697F00CACA6C /* Women's safty appTests */ = {
			isa = PBXGroup;
			children = (
				4F8528C92B86697F00CACA6C /* Women_s_safty_appTests.swift */,
			);
			path = "Women's safty appTests";
			sourceTree = "<group>";
		};
		4F8528D22B86697F00CACA6C /* Women's safty appUITests */ = {
			isa = PBXGroup;
			children = (
				4F8528D32B86697F00CACA6C /* Women_s_safty_appUITests.swift */,
				4F8528D52B86697F00CACA6C /* Women_s_safty_appUITestsLaunchTests.swift */,
			);
			path = "Women's safty appUITests";
			sourceTree = "<group>";
		};
/* End PBXGroup section */

/* Begin PBXNativeTarget section */
		4F8528B32B86697C00CACA6C /* Women's safty app */ = {
			isa = PBXNativeTarget;
			buildConfigurationList = 4F8528D92B86697F00CACA6C /* Build configuration list for PBXNativeTarget "Women's safty app" */;
			buildPhases = (
				4F8528B02B86697C00CACA6C /* Sources */,
				4F8528B12B86697C00CACA6C /* Frameworks */,
				4F8528B22B86697C00CACA6C /* Resources */,
			);
			buildRules = (
			);
			dependencies = (
			);
			name = "Women's safty app";
			productName = "Women's safty app";
			productReference = 4F8528B42B86697C00CACA6C /* Women's safty app.app */;
			productType = "com.apple.product-type.application";
		};
		4F8528C42B86697F00CACA6C /* Women's safty appTests */ = {
			isa = PBXNativeTarget;
			buildConfigurationList = 4F8528DC2B86697F00CACA6C /* Build configuration list for PBXNativeTarget "Women's safty appTests" */;
			buildPhases = (
				4F8528C12B86697F00CACA6C /* Sources */,
				4F8528C22B86697F00CACA6C /* Frameworks */,
				4F8528C32B86697F00CACA6C /* Resources */,
			);
			buildRules = (
			);
			dependencies = (
				4F8528C72B86697F00CACA6C /* PBXTargetDependency */,
			);
			name = "Women's safty appTests";
			productName = "Women's safty appTests";
			productReference = 4F8528C52B86697F00CACA6C /* Women's safty appTests.xctest */;
			productType = "com.apple.product-type.bundle.unit-test";
		};
		4F8528CE2B86697F00CACA6C /* Women's safty appUITests */ = {
			isa = PBXNativeTarget;
			buildConfigurationList = 4F8528DF2B86697F00CACA6C /* Build configuration list for PBXNativeTarget "Women's safty appUITests" */;
			buildPhases = (
				4F8528CB2B86697F00CACA6C /* Sources */,
				4F8528CC2B86697F00CACA6C /* Frameworks */,
				4F8528CD2B86697F00CACA6C /* Resources */,
			);
			buildRules = (
			);
			dependencies = (
				4F8528D12B86697F00CACA6C /* PBXTargetDependency */,
			);
			name = "Women's safty appUITests";
			productName = "Women's safty appUITests";
			productReference = 4F8528CF2B86697F00CACA6C /* Women's safty appUITests.xctest */;
			productType = "com.apple.product-type.bundle.ui-testing";
		};
/* End PBXNativeTarget section */

/* Begin PBXProject section */
		4F8528AC2B86697C00CACA6C /* Project object */ = {
			isa = PBXProject;
			attributes = {
				BuildIndependentTargetsInParallel = 1;
				LastSwiftUpdateCheck = 1520;
				LastUpgradeCheck = 1520;
				TargetAttributes = {
					4F8528B32B86697C00CACA6C = {
						CreatedOnToolsVersion = 15.2;
					};
					4F8528C42B86697F00CACA6C = {
						CreatedOnToolsVersion = 15.2;
						TestTargetID = 4F8528B32B86697C00CACA6C;
					};
					4F8528CE2B86697F00CACA6C = {
						CreatedOnToolsVersion = 15.2;
						TestTargetID = 4F8528B32B86697C00CACA6C;
					};
				};
			};
			buildConfigurationList = 4F8528AF2B86697C00CACA6C /* Build configuration list for PBXProject "Women's safty app" */;
			compatibilityVersion = "Xcode 14.0";
			developmentRegion = en;
			hasScannedForEncodings = 0;
			knownRegions = (
				en,
				Base,
			);
			mainGroup = 4F8528AB2B86697C00CACA6C;
			productRefGroup = 4F8528B52B86697C00CACA6C /* Products */;
			projectDirPath = "";
			projectRoot = "";
			targets = (
				4F8528B32B86697C00CACA6C /* Women's safty app */,
				4F8528C42B86697F00CACA6C /* Women's safty appTests */,
				4F8528CE2B86697F00CACA6C /* Women's safty appUITests */,
			);
		};
/* End PBXProject section */

/* Begin PBXResourcesBuildPhase section */
		4F8528B22B86697C00CACA6C /* Resources */ = {
			isa = PBXResourcesBuildPhase;
			buildActionMask = 2147483647;
			files = (
				4F8528C02B86697F00CACA6C /* Preview Assets.xcassets in Resources */,
				4F8528BC2B86697F00CACA6C /* Assets.xcassets in Resources */,
				4F6C89882BD5DD3A0083BEF2 /* load-alarm-sound.mp3 in Resources */,
			);
			runOnlyForDeploymentPostprocessing = 0;
		};
		4F8528C32B86697F00CACA6C /* Resources */ = {
			isa = PBXResourcesBuildPhase;
			buildActionMask = 2147483647;
			files = (
			);
			runOnlyForDeploymentPostprocessing = 0;
		};
		4F8528CD2B86697F00CACA6C /* Resources */ = {
			isa = PBXResourcesBuildPhase;
			buildActionMask = 2147483647;
			files = (
			);
			runOnlyForDeploymentPostprocessing = 0;
		};
/* End PBXResourcesBuildPhase section */

/* Begin PBXSourcesBuildPhase section */
		4F8528B02B86697C00CACA6C /* Sources */ = {
			isa = PBXSourcesBuildPhase;
			buildActionMask = 2147483647;
			files = (
				4F8528BA2B86697C00CACA6C /* ContentView.swift in Sources */,
				4F6C89852BC700D50083BEF2 /* viewD.swift in Sources */,
				4F6C89812BC700B40083BEF2 /* viewB.swift in Sources */,
				4F8528B82B86697C00CACA6C /* Women_s_safty_appApp.swift in Sources */,
				4F6C899B2BD5F5DF0083BEF2 /* BotResponce.swift in Sources */,
				4F6C89832BC700CA0083BEF2 /* viewC.swift in Sources */,
				4F6C897F2BC7009A0083BEF2 /* viewA.swift in Sources */,
			);
			runOnlyForDeploymentPostprocessing = 0;
		};
		4F8528C12B86697F00CACA6C /* Sources */ = {
			isa = PBXSourcesBuildPhase;
			buildActionMask = 2147483647;
			files = (
				4F8528CA2B86697F00CACA6C /* Women_s_safty_appTests.swift in Sources */,
			);
			runOnlyForDeploymentPostprocessing = 0;
		};
		4F8528CB2B86697F00CACA6C /* Sources */ = {
			isa = PBXSourcesBuildPhase;
			buildActionMask = 2147483647;
			files = (
				4F8528D42B86697F00CACA6C /* Women_s_safty_appUITests.swift in Sources */,
				4F8528D62B86697F00CACA6C /* Women_s_safty_appUITestsLaunchTests.swift in Sources */,
			);
			runOnlyForDeploymentPostprocessing = 0;
		};
/* End PBXSourcesBuildPhase section */

/* Begin PBXTargetDependency section */
		4F8528C72B86697F00CACA6C /* PBXTargetDependency */ = {
			isa = PBXTargetDependency;
			target = 4F8528B32B86697C00CACA6C /* Women's safty app */;
			targetProxy = 4F8528C62B86697F00CACA6C /* PBXContainerItemProxy */;
		};
		4F8528D12B86697F00CACA6C /* PBXTargetDependency */ = {
			isa = PBXTargetDependency;
			target = 4F8528B32B86697C00CACA6C /* Women's safty app */;
			targetProxy = 4F8528D02B86697F00CACA6C /* PBXContainerItemProxy */;
		};
/* End PBXTargetDependency section */

/* Begin XCBuildConfiguration section */
		4F8528D72B86697F00CACA6C /* Debug */ = {
			isa = XCBuildConfiguration;
			buildSettings = {
				ALWAYS_SEARCH_USER_PATHS = NO;
				ASSETCATALOG_COMPILER_GENERATE_SWIFT_ASSET_SYMBOL_EXTENSIONS = YES;
				CLANG_ANALYZER_NONNULL = YES;
				CLANG_ANALYZER_NUMBER_OBJECT_CONVERSION = YES_AGGRESSIVE;
				CLANG_CXX_LANGUAGE_STANDARD = "gnu++20";
				CLANG_ENABLE_MODULES = YES;
				CLANG_ENABLE_OBJC_ARC = YES;
				CLANG_ENABLE_OBJC_WEAK = YES;
				CLANG_WARN_BLOCK_CAPTURE_AUTORELEASING = YES;
				CLANG_WARN_BOOL_CONVERSION = YES;
				CLANG_WARN_COMMA = YES;
				CLANG_WARN_CONSTANT_CONVERSION = YES;
				CLANG_WARN_DEPRECATED_OBJC_IMPLEMENTATIONS = YES;
				CLANG_WARN_DIRECT_OBJC_ISA_USAGE = YES_ERROR;
				CLANG_WARN_DOCUMENTATION_COMMENTS = YES;
				CLANG_WARN_EMPTY_BODY = YES;
				CLANG_WARN_ENUM_CONVERSION = YES;
				CLANG_WARN_INFINITE_RECURSION = YES;
				CLANG_WARN_INT_CONVERSION = YES;
				CLANG_WARN_NON_LITERAL_NULL_CONVERSION = YES;
				CLANG_WARN_OBJC_IMPLICIT_RETAIN_SELF = YES;
				CLANG_WARN_OBJC_LITERAL_CONVERSION = YES;
				CLANG_WARN_OBJC_ROOT_CLASS = YES_ERROR;
				CLANG_WARN_QUOTED_INCLUDE_IN_FRAMEWORK_HEADER = YES;
				CLANG_WARN_RANGE_LOOP_ANALYSIS = YES;
				CLANG_WARN_STRICT_PROTOTYPES = YES;
				CLANG_WARN_SUSPICIOUS_MOVE = YES;
				CLANG_WARN_UNGUARDED_AVAILABILITY = YES_AGGRESSIVE;
				CLANG_WARN_UNREACHABLE_CODE = YES;
				CLANG_WARN__DUPLICATE_METHOD_MATCH = YES;
				COPY_PHASE_STRIP = NO;
				DEBUG_INFORMATION_FORMAT = dwarf;
				ENABLE_STRICT_OBJC_MSGSEND = YES;
				ENABLE_TESTABILITY = YES;
				ENABLE_USER_SCRIPT_SANDBOXING = YES;
				GCC_C_LANGUAGE_STANDARD = gnu17;
				GCC_DYNAMIC_NO_PIC = NO;
				GCC_NO_COMMON_BLOCKS = YES;
				GCC_OPTIMIZATION_LEVEL = 0;
				GCC_PREPROCESSOR_DEFINITIONS = (
					"DEBUG=1",
					"$(inherited)",
				);
				GCC_WARN_64_TO_32_BIT_CONVERSION = YES;
				GCC_WARN_ABOUT_RETURN_TYPE = YES_ERROR;
				GCC_WARN_UNDECLARED_SELECTOR = YES;
				GCC_WARN_UNINITIALIZED_AUTOS = YES_AGGRESSIVE;
				GCC_WARN_UNUSED_FUNCTION = YES;
				GCC_WARN_UNUSED_VARIABLE = YES;
				LOCALIZATION_PREFERS_STRING_CATALOGS = YES;
				MTL_ENABLE_DEBUG_INFO = INCLUDE_SOURCE;
				MTL_FAST_MATH = YES;
				ONLY_ACTIVE_ARCH = YES;
				SWIFT_ACTIVE_COMPILATION_CONDITIONS = "DEBUG $(inherited)";
				SWIFT_OPTIMIZATION_LEVEL = "-Onone";
			};
			name = Debug;
		};
		4F8528D82B86697F00CACA6C /* Release */ = {
			isa = XCBuildConfiguration;
			buildSettings = {
				ALWAYS_SEARCH_USER_PATHS = NO;
				ASSETCATALOG_COMPILER_GENERATE_SWIFT_ASSET_SYMBOL_EXTENSIONS = YES;
				CLANG_ANALYZER_NONNULL = YES;
				CLANG_ANALYZER_NUMBER_OBJECT_CONVERSION = YES_AGGRESSIVE;
				CLANG_CXX_LANGUAGE_STANDARD = "gnu++20";
				CLANG_ENABLE_MODULES = YES;
				CLANG_ENABLE_OBJC_ARC = YES;
				CLANG_ENABLE_OBJC_WEAK = YES;
				CLANG_WARN_BLOCK_CAPTURE_AUTORELEASING = YES;
				CLANG_WARN_BOOL_CONVERSION = YES;
				CLANG_WARN_COMMA = YES;
				CLANG_WARN_CONSTANT_CONVERSION = YES;
				CLANG_WARN_DEPRECATED_OBJC_IMPLEMENTATIONS = YES;
				CLANG_WARN_DIRECT_OBJC_ISA_USAGE = YES_ERROR;
				CLANG_WARN_DOCUMENTATION_COMMENTS = YES;
				CLANG_WARN_EMPTY_BODY = YES;
				CLANG_WARN_ENUM_CONVERSION = YES;
				CLANG_WARN_INFINITE_RECURSION = YES;
				CLANG_WARN_INT_CONVERSION = YES;
				CLANG_WARN_NON_LITERAL_NULL_CONVERSION = YES;
				CLANG_WARN_OBJC_IMPLICIT_RETAIN_SELF = YES;
				CLANG_WARN_OBJC_LITERAL_CONVERSION = YES;
				CLANG_WARN_OBJC_ROOT_CLASS = YES_ERROR;
				CLANG_WARN_QUOTED_INCLUDE_IN_FRAMEWORK_HEADER = YES;
				CLANG_WARN_RANGE_LOOP_ANALYSIS = YES;
				CLANG_WARN_STRICT_PROTOTYPES = YES;
				CLANG_WARN_SUSPICIOUS_MOVE = YES;
				CLANG_WARN_UNGUARDED_AVAILABILITY = YES_AGGRESSIVE;
				CLANG_WARN_UNREACHABLE_CODE = YES;
				CLANG_WARN__DUPLICATE_METHOD_MATCH = YES;
				COPY_PHASE_STRIP = NO;
				DEBUG_INFORMATION_FORMAT = "dwarf-with-dsym";
				ENABLE_NS_ASSERTIONS = NO;
				ENABLE_STRICT_OBJC_MSGSEND = YES;
				ENABLE_USER_SCRIPT_SANDBOXING = YES;
				GCC_C_LANGUAGE_STANDARD = gnu17;
				GCC_NO_COMMON_BLOCKS = YES;
				GCC_WARN_64_TO_32_BIT_CONVERSION = YES;
				GCC_WARN_ABOUT_RETURN_TYPE = YES_ERROR;
				GCC_WARN_UNDECLARED_SELECTOR = YES;
				GCC_WARN_UNINITIALIZED_AUTOS = YES_AGGRESSIVE;
				GCC_WARN_UNUSED_FUNCTION = YES;
				GCC_WARN_UNUSED_VARIABLE = YES;
				LOCALIZATION_PREFERS_STRING_CATALOGS = YES;
				MTL_ENABLE_DEBUG_INFO = NO;
				MTL_FAST_MATH = YES;
				SWIFT_COMPILATION_MODE = wholemodule;
			};
			name = Release;
		};
		4F8528DA2B86697F00CACA6C /* Debug */ = {
			isa = XCBuildConfiguration;
			buildSettings = {
				ASSETCATALOG_COMPILER_APPICON_NAME = AppIcon;
				ASSETCATALOG_COMPILER_GLOBAL_ACCENT_COLOR_NAME = AccentColor;
				CODE_SIGN_ENTITLEMENTS = "Women's safty app/Women_s_safty_app.entitlements";
				CODE_SIGN_STYLE = Automatic;
				CURRENT_PROJECT_VERSION = 1;
				DEVELOPMENT_ASSET_PATHS = "\"Women's safty app/Preview Content\"";
				ENABLE_PREVIEWS = YES;
				GENERATE_INFOPLIST_FILE = YES;
				"INFOPLIST_KEY_UIApplicationSceneManifest_Generation[sdk=iphoneos*]" = YES;
				"INFOPLIST_KEY_UIApplicationSceneManifest_Generation[sdk=iphonesimulator*]" = YES;
				"INFOPLIST_KEY_UIApplicationSupportsIndirectInputEvents[sdk=iphoneos*]" = YES;
				"INFOPLIST_KEY_UIApplicationSupportsIndirectInputEvents[sdk=iphonesimulator*]" = YES;
				"INFOPLIST_KEY_UILaunchScreen_Generation[sdk=iphoneos*]" = YES;
				"INFOPLIST_KEY_UILaunchScreen_Generation[sdk=iphonesimulator*]" = YES;
				"INFOPLIST_KEY_UIStatusBarStyle[sdk=iphoneos*]" = UIStatusBarStyleDefault;
				"INFOPLIST_KEY_UIStatusBarStyle[sdk=iphonesimulator*]" = UIStatusBarStyleDefault;
				INFOPLIST_KEY_UISupportedInterfaceOrientations_iPad = "UIInterfaceOrientationPortrait UIInterfaceOrientationPortraitUpsideDown UIInterfaceOrientationLandscapeLeft UIInterfaceOrientationLandscapeRight";
				INFOPLIST_KEY_UISupportedInterfaceOrientations_iPhone = "UIInterfaceOrientationPortrait UIInterfaceOrientationLandscapeLeft UIInterfaceOrientationLandscapeRight";
				IPHONEOS_DEPLOYMENT_TARGET = 17.2;
				LD_RUNPATH_SEARCH_PATHS = "@executable_path/Frameworks";
				"LD_RUNPATH_SEARCH_PATHS[sdk=macosx*]" = "@executable_path/../Frameworks";
				MACOSX_DEPLOYMENT_TARGET = 14.2;
				MARKETING_VERSION = 1.0;
				PRODUCT_BUNDLE_IDENTIFIER = "com.anna.Women-s-safty-app";
				PRODUCT_NAME = "$(TARGET_NAME)";
				SDKROOT = auto;
				SUPPORTED_PLATFORMS = "iphoneos iphonesimulator macosx";
				SWIFT_EMIT_LOC_STRINGS = YES;
				SWIFT_VERSION = 5.0;
				TARGETED_DEVICE_FAMILY = "1,2";
			};
			name = Debug;
		};
		4F8528DB2B86697F00CACA6C /* Release */ = {
			isa = XCBuildConfiguration;
			buildSettings = {
				ASSETCATALOG_COMPILER_APPICON_NAME = AppIcon;
				ASSETCATALOG_COMPILER_GLOBAL_ACCENT_COLOR_NAME = AccentColor;
				CODE_SIGN_ENTITLEMENTS = "Women's safty app/Women_s_safty_app.entitlements";
				CODE_SIGN_STYLE = Automatic;
				CURRENT_PROJECT_VERSION = 1;
				DEVELOPMENT_ASSET_PATHS = "\"Women's safty app/Preview Content\"";
				ENABLE_PREVIEWS = YES;
				GENERATE_INFOPLIST_FILE = YES;
				"INFOPLIST_KEY_UIApplicationSceneManifest_Generation[sdk=iphoneos*]" = YES;
				"INFOPLIST_KEY_UIApplicationSceneManifest_Generation[sdk=iphonesimulator*]" = YES;
				"INFOPLIST_KEY_UIApplicationSupportsIndirectInputEvents[sdk=iphoneos*]" = YES;
				"INFOPLIST_KEY_UIApplicationSupportsIndirectInputEvents[sdk=iphonesimulator*]" = YES;
				"INFOPLIST_KEY_UILaunchScreen_Generation[sdk=iphoneos*]" = YES;
				"INFOPLIST_KEY_UILaunchScreen_Generation[sdk=iphonesimulator*]" = YES;
				"INFOPLIST_KEY_UIStatusBarStyle[sdk=iphoneos*]" = UIStatusBarStyleDefault;
				"INFOPLIST_KEY_UIStatusBarStyle[sdk=iphonesimulator*]" = UIStatusBarStyleDefault;
				INFOPLIST_KEY_UISupportedInterfaceOrientations_iPad = "UIInterfaceOrientationPortrait UIInterfaceOrientationPortraitUpsideDown UIInterfaceOrientationLandscapeLeft UIInterfaceOrientationLandscapeRight";
				INFOPLIST_KEY_UISupportedInterfaceOrientations_iPhone = "UIInterfaceOrientationPortrait UIInterfaceOrientationLandscapeLeft UIInterfaceOrientationLandscapeRight";
				IPHONEOS_DEPLOYMENT_TARGET = 17.2;
				LD_RUNPATH_SEARCH_PATHS = "@executable_path/Frameworks";
				"LD_RUNPATH_SEARCH_PATHS[sdk=macosx*]" = "@executable_path/../Frameworks";
				MACOSX_DEPLOYMENT_TARGET = 14.2;
				MARKETING_VERSION = 1.0;
				PRODUCT_BUNDLE_IDENTIFIER = "com.anna.Women-s-safty-app";
				PRODUCT_NAME = "$(TARGET_NAME)";
				SDKROOT = auto;
				SUPPORTED_PLATFORMS = "iphoneos iphonesimulator macosx";
				SWIFT_EMIT_LOC_STRINGS = YES;
				SWIFT_VERSION = 5.0;
				TARGETED_DEVICE_FAMILY = "1,2";
			};
			name = Release;
		};
		4F8528DD2B86697F00CACA6C /* Debug */ = {
			isa = XCBuildConfiguration;
			buildSettings = {
				ALWAYS_EMBED_SWIFT_STANDARD_LIBRARIES = YES;
				BUNDLE_LOADER = "$(TEST_HOST)";
				CODE_SIGN_STYLE = Automatic;
				CURRENT_PROJECT_VERSION = 1;
				GENERATE_INFOPLIST_FILE = YES;
				IPHONEOS_DEPLOYMENT_TARGET = 17.2;
				MACOSX_DEPLOYMENT_TARGET = 14.2;
				MARKETING_VERSION = 1.0;
				PRODUCT_BUNDLE_IDENTIFIER = "com.anna.Women-s-safty-appTests";
				PRODUCT_NAME = "$(TARGET_NAME)";
				SDKROOT = auto;
				SUPPORTED_PLATFORMS = "iphoneos iphonesimulator macosx";
				SWIFT_EMIT_LOC_STRINGS = NO;
				SWIFT_VERSION = 5.0;
				TARGETED_DEVICE_FAMILY = "1,2";
				TEST_HOST = "$(BUILT_PRODUCTS_DIR)/Women's safty app.app/$(BUNDLE_EXECUTABLE_FOLDER_PATH)/Women's safty app";
			};
			name = Debug;
		};
		4F8528DE2B86697F00CACA6C /* Release */ = {
			isa = XCBuildConfiguration;
			buildSettings = {
				ALWAYS_EMBED_SWIFT_STANDARD_LIBRARIES = YES;
				BUNDLE_LOADER = "$(TEST_HOST)";
				CODE_SIGN_STYLE = Automatic;
				CURRENT_PROJECT_VERSION = 1;
				GENERATE_INFOPLIST_FILE = YES;
				IPHONEOS_DEPLOYMENT_TARGET = 17.2;
				MACOSX_DEPLOYMENT_TARGET = 14.2;
				MARKETING_VERSION = 1.0;
				PRODUCT_BUNDLE_IDENTIFIER = "com.anna.Women-s-safty-appTests";
				PRODUCT_NAME = "$(TARGET_NAME)";
				SDKROOT = auto;
				SUPPORTED_PLATFORMS = "iphoneos iphonesimulator macosx";
				SWIFT_EMIT_LOC_STRINGS = NO;
				SWIFT_VERSION = 5.0;
				TARGETED_DEVICE_FAMILY = "1,2";
				TEST_HOST = "$(BUILT_PRODUCTS_DIR)/Women's safty app.app/$(BUNDLE_EXECUTABLE_FOLDER_PATH)/Women's safty app";
			};
			name = Release;
		};
		4F8528E02B86697F00CACA6C /* Debug */ = {
			isa = XCBuildConfiguration;
			buildSettings = {
				ALWAYS_EMBED_SWIFT_STANDARD_LIBRARIES = YES;
				CODE_SIGN_STYLE = Automatic;
				CURRENT_PROJECT_VERSION = 1;
				GENERATE_INFOPLIST_FILE = YES;
				IPHONEOS_DEPLOYMENT_TARGET = 17.2;
				MACOSX_DEPLOYMENT_TARGET = 14.2;
				MARKETING_VERSION = 1.0;
				PRODUCT_BUNDLE_IDENTIFIER = "com.anna.Women-s-safty-appUITests";
				PRODUCT_NAME = "$(TARGET_NAME)";
				SDKROOT = auto;
				SUPPORTED_PLATFORMS = "iphoneos iphonesimulator macosx";
				SWIFT_EMIT_LOC_STRINGS = NO;
				SWIFT_VERSION = 5.0;
				TARGETED_DEVICE_FAMILY = "1,2";
				TEST_TARGET_NAME = "Women's safty app";
			};
			name = Debug;
		};
		4F8528E12B86697F00CACA6C /* Release */ = {
			isa = XCBuildConfiguration;
			buildSettings = {
				ALWAYS_EMBED_SWIFT_STANDARD_LIBRARIES = YES;
				CODE_SIGN_STYLE = Automatic;
				CURRENT_PROJECT_VERSION = 1;
				GENERATE_INFOPLIST_FILE = YES;
				IPHONEOS_DEPLOYMENT_TARGET = 17.2;
				MACOSX_DEPLOYMENT_TARGET = 14.2;
				MARKETING_VERSION = 1.0;
				PRODUCT_BUNDLE_IDENTIFIER = "com.anna.Women-s-safty-appUITests";
				PRODUCT_NAME = "$(TARGET_NAME)";
				SDKROOT = auto;
				SUPPORTED_PLATFORMS = "iphoneos iphonesimulator macosx";
				SWIFT_EMIT_LOC_STRINGS = NO;
				SWIFT_VERSION = 5.0;
				TARGETED_DEVICE_FAMILY = "1,2";
				TEST_TARGET_NAME = "Women's safty app";
			};
			name = Release;
		};
/* End XCBuildConfiguration section */

/* Begin XCConfigurationList section */
		4F8528AF2B86697C00CACA6C /* Build configuration list for PBXProject "Women's safty app" */ = {
			isa = XCConfigurationList;
			buildConfigurations = (
				4F8528D72B86697F00CACA6C /* Debug */,
				4F8528D82B86697F00CACA6C /* Release */,
			);
			defaultConfigurationIsVisible = 0;
			defaultConfigurationName = Release;
		};
		4F8528D92B86697F00CACA6C /* Build configuration list for PBXNativeTarget "Women's safty app" */ = {
			isa = XCConfigurationList;
			buildConfigurations = (
				4F8528DA2B86697F00CACA6C /* Debug */,
				4F8528DB2B86697F00CACA6C /* Release */,
			);
			defaultConfigurationIsVisible = 0;
			defaultConfigurationName = Release;
		};
		4F8528DC2B86697F00CACA6C /* Build configuration list for PBXNativeTarget "Women's safty appTests" */ = {
			isa = XCConfigurationList;
			buildConfigurations = (
				4F8528DD2B86697F00CACA6C /* Debug */,
				4F8528DE2B86697F00CACA6C /* Release */,
			);
			defaultConfigurationIsVisible = 0;
			defaultConfigurationName = Release;
		};
		4F8528DF2B86697F00CACA6C /* Build configuration list for PBXNativeTarget "Women's safty appUITests" */ = {
			isa = XCConfigurationList;
			buildConfigurations = (
				4F8528E02B86697F00CACA6C /* Debug */,
				4F8528E12B86697F00CACA6C /* Release */,
			);
			defaultConfigurationIsVisible = 0;
			defaultConfigurationName = Release;
		};
/* End XCConfigurationList section */
	};
	rootObject = 4F8528AC2B86697C00CACA6C /* Project object */;
}
